
Microsoft Visual Studio Solution File, Format Version 12.00
# Visual Studio Version 17
VisualStudioVersion = 17.1.32210.238
MinimumVisualStudioVersion = 10.0.40219.1
Project("{9A19103F-16F7-4668-BE54-9A1E7A4F7556}") = "SongRenamer", "Mp3RenamerV2\SongRenamer.csproj", "{5235E8C8-8726-4E32-B852-7E489675A55F}"
EndProject
Global
	GlobalSection(SolutionConfigurationPlatforms) = preSolution
		Debug|Any CPU = Debug|Any CPU
		Release|Any CPU = Release|Any CPU
	EndGlobalSection
	GlobalSection(ProjectConfigurationPlatforms) = postSolution
		{5235E8C8-8726-4E32-B852-7E489675A55F}.Debug|Any CPU.ActiveCfg = Debug|Any CPU
		{5235E8C8-8726-4E32-B852-7E489675A55F}.Debug|Any CPU.Build.0 = Debug|Any CPU
		{5235E8C8-8726-4E32-B852-7E489675A55F}.Release|Any CPU.ActiveCfg = Release|Any CPU
		{5235E8C8-8726-4E32-B852-7E489675A55F}.Release|Any CPU.Build.0 = Release|Any CPU
	EndGlobalSection
	GlobalSection(SolutionProperties) = preSolution
		HideSolutionNode = FALSE
	EndGlobalSection
	GlobalSection(ExtensibilityGlobals) = postSolution
		SolutionGuid = {BDC1535E-7B53-4E43-90C9-1D8024008C40}
	EndGlobalSection
EndGlobal
